
Microsoft Visual Studio Solution File, Format Version 12.00
# Visual Studio 2013
VisualStudioVersion = 12.0.30723.0
MinimumVisualStudioVersion = 10.0.40219.1
Project("{FAE04EC0-301F-11D3-BF4B-00C04F79EFBC}") = "PrimS.Telnet", "PrimS.Telnet\PrimS.Telnet.csproj", "{36BAFCF1-6905-4A3C-9D58-C2C33A882ABF}"
EndProject
Project("{FAE04EC0-301F-11D3-BF4B-00C04F79EFBC}") = "PrimS.Telnet.CiTests", "PrimS.Telnet.CiTests\PrimS.Telnet.CiTests.csproj", "{A6FFDD66-624F-421B-B402-B6F02071CC10}"
EndProject
Global
	GlobalSection(SolutionConfigurationPlatforms) = preSolution
		Debug|Any CPU = Debug|Any CPU
		Release|Any CPU = Release|Any CPU
	EndGlobalSection
	GlobalSection(ProjectConfigurationPlatforms) = postSolution
		{36BAFCF1-6905-4A3C-9D58-C2C33A882ABF}.Debug|Any CPU.ActiveCfg = Debug|Any CPU
		{36BAFCF1-6905-4A3C-9D58-C2C33A882ABF}.Debug|Any CPU.Build.0 = Debug|Any CPU
		{36BAFCF1-6905-4A3C-9D58-C2C33A882ABF}.Release|Any CPU.ActiveCfg = Release|Any CPU
		{36BAFCF1-6905-4A3C-9D58-C2C33A882ABF}.Release|Any CPU.Build.0 = Release|Any CPU
		{A6FFDD66-624F-421B-B402-B6F02071CC10}.Debug|Any CPU.ActiveCfg = Debug|Any CPU
		{A6FFDD66-624F-421B-B402-B6F02071CC10}.Debug|Any CPU.Build.0 = Debug|Any CPU
		{A6FFDD66-624F-421B-B402-B6F02071CC10}.Release|Any CPU.ActiveCfg = Release|Any CPU
		{A6FFDD66-624F-421B-B402-B6F02071CC10}.Release|Any CPU.Build.0 = Release|Any CPU
	EndGlobalSection
	GlobalSection(SolutionProperties) = preSolution
		HideSolutionNode = FALSE
	EndGlobalSection
EndGlobal
